
Microsoft Visual Studio Solution File, Format Version 12.00
# Visual Studio Version 17
VisualStudioVersion = 17.6.33829.357
MinimumVisualStudioVersion = 10.0.40219.1
Project("{FAE04EC0-301F-11D3-BF4B-00C04F79EFBC}") = "TFL_Tests", "TFL_Core\TFL_Tests.csproj", "{C8899876-E359-4E36-9BB6-0A66742A723E}"
EndProject
Project("{FAE04EC0-301F-11D3-BF4B-00C04F79EFBC}") = "TFL_Libraries", "TFL_Libraries\TFL_Libraries.csproj", "{26C0F86A-643E-444E-9CD8-0A7BB4B1FF91}"
EndProject
Global
	GlobalSection(SolutionConfigurationPlatforms) = preSolution
		Debug|Any CPU = Debug|Any CPU
		Release|Any CPU = Release|Any CPU
	EndGlobalSection
	GlobalSection(ProjectConfigurationPlatforms) = postSolution
		{C8899876-E359-4E36-9BB6-0A66742A723E}.Debug|Any CPU.ActiveCfg = Debug|Any CPU
		{C8899876-E359-4E36-9BB6-0A66742A723E}.Debug|Any CPU.Build.0 = Debug|Any CPU
		{C8899876-E359-4E36-9BB6-0A66742A723E}.Release|Any CPU.ActiveCfg = Release|Any CPU
		{C8899876-E359-4E36-9BB6-0A66742A723E}.Release|Any CPU.Build.0 = Release|Any CPU
		{26C0F86A-643E-444E-9CD8-0A7BB4B1FF91}.Debug|Any CPU.ActiveCfg = Debug|Any CPU
		{26C0F86A-643E-444E-9CD8-0A7BB4B1FF91}.Debug|Any CPU.Build.0 = Debug|Any CPU
		{26C0F86A-643E-444E-9CD8-0A7BB4B1FF91}.Release|Any CPU.ActiveCfg = Release|Any CPU
		{26C0F86A-643E-444E-9CD8-0A7BB4B1FF91}.Release|Any CPU.Build.0 = Release|Any CPU
	EndGlobalSection
	GlobalSection(SolutionProperties) = preSolution
		HideSolutionNode = FALSE
	EndGlobalSection
	GlobalSection(ExtensibilityGlobals) = postSolution
		SolutionGuid = {3C92A300-D86E-43EE-A792-A74A7F1931AD}
	EndGlobalSection
EndGlobal
